
Microsoft Visual Studio Solution File, Format Version 12.00
# Visual Studio Version 17
VisualStudioVersion = 17.4.33122.133
MinimumVisualStudioVersion = 10.0.40219.1
Project("{9A19103F-16F7-4668-BE54-9A1E7A4F7556}") = "PaparaApartment.WebApi", "PaparaApartment\PaparaApartment.WebApi.csproj", "{6705D9CB-72F1-4A22-9A4D-592FC2A6D3EF}"
EndProject
Project("{9A19103F-16F7-4668-BE54-9A1E7A4F7556}") = "PaparaApartment.Business", "PaparaApartment.Business\PaparaApartment.Business.csproj", "{282FF1DB-C8A9-407D-8A50-6A00225D2404}"
EndProject
Project("{9A19103F-16F7-4668-BE54-9A1E7A4F7556}") = "PaparaApartment.Core", "PaparaApartment.Core\PaparaApartment.Core.csproj", "{20AD9D55-8DBF-4332-96BC-BB46EEE86400}"
EndProject
Project("{9A19103F-16F7-4668-BE54-9A1E7A4F7556}") = "PaparaApartment.Data", "PaparaApartment.Data\PaparaApartment.Data.csproj", "{4F02CC02-407B-4550-847A-8A4878ED65EF}"
EndProject
Project("{9A19103F-16F7-4668-BE54-9A1E7A4F7556}") = "PaparaApartment.Entity", "PaparaApartment.Entity\PaparaApartment.Entity.csproj", "{5ECB40AA-5C25-4A3E-B05D-712540DCC76B}"
EndProject
Project("{FAE04EC0-301F-11D3-BF4B-00C04F79EFBC}") = "PaparaApartment.PaymentApi", "PaparaApartment.PaymentApi\PaparaApartment.PaymentApi.csproj", "{A9C85799-7DA9-4A21-920D-4CF52C44D0BC}"
EndProject
Global
	GlobalSection(SolutionConfigurationPlatforms) = preSolution
		Debug|Any CPU = Debug|Any CPU
		Release|Any CPU = Release|Any CPU
	EndGlobalSection
	GlobalSection(ProjectConfigurationPlatforms) = postSolution
		{6705D9CB-72F1-4A22-9A4D-592FC2A6D3EF}.Debug|Any CPU.ActiveCfg = Debug|Any CPU
		{6705D9CB-72F1-4A22-9A4D-592FC2A6D3EF}.Debug|Any CPU.Build.0 = Debug|Any CPU
		{6705D9CB-72F1-4A22-9A4D-592FC2A6D3EF}.Release|Any CPU.ActiveCfg = Release|Any CPU
		{6705D9CB-72F1-4A22-9A4D-592FC2A6D3EF}.Release|Any CPU.Build.0 = Release|Any CPU
		{282FF1DB-C8A9-407D-8A50-6A00225D2404}.Debug|Any CPU.ActiveCfg = Debug|Any CPU
		{282FF1DB-C8A9-407D-8A50-6A00225D2404}.Debug|Any CPU.Build.0 = Debug|Any CPU
		{282FF1DB-C8A9-407D-8A50-6A00225D2404}.Release|Any CPU.ActiveCfg = Release|Any CPU
		{282FF1DB-C8A9-407D-8A50-6A00225D2404}.Release|Any CPU.Build.0 = Release|Any CPU
		{20AD9D55-8DBF-4332-96BC-BB46EEE86400}.Debug|Any CPU.ActiveCfg = Debug|Any CPU
		{20AD9D55-8DBF-4332-96BC-BB46EEE86400}.Debug|Any CPU.Build.0 = Debug|Any CPU
		{20AD9D55-8DBF-4332-96BC-BB46EEE86400}.Release|Any CPU.ActiveCfg = Release|Any CPU
		{20AD9D55-8DBF-4332-96BC-BB46EEE86400}.Release|Any CPU.Build.0 = Release|Any CPU
		{4F02CC02-407B-4550-847A-8A4878ED65EF}.Debug|Any CPU.ActiveCfg = Debug|Any CPU
		{4F02CC02-407B-4550-847A-8A4878ED65EF}.Debug|Any CPU.Build.0 = Debug|Any CPU
		{4F02CC02-407B-4550-847A-8A4878ED65EF}.Release|Any CPU.ActiveCfg = Release|Any CPU
		{4F02CC02-407B-4550-847A-8A4878ED65EF}.Release|Any CPU.Build.0 = Release|Any CPU
		{5ECB40AA-5C25-4A3E-B05D-712540DCC76B}.Debug|Any CPU.ActiveCfg = Debug|Any CPU
		{5ECB40AA-5C25-4A3E-B05D-712540DCC76B}.Debug|Any CPU.Build.0 = Debug|Any CPU
		{5ECB40AA-5C25-4A3E-B05D-712540DCC76B}.Release|Any CPU.ActiveCfg = Release|Any CPU
		{5ECB40AA-5C25-4A3E-B05D-712540DCC76B}.Release|Any CPU.Build.0 = Release|Any CPU
		{A9C85799-7DA9-4A21-920D-4CF52C44D0BC}.Debug|Any CPU.ActiveCfg = Debug|Any CPU
		{A9C85799-7DA9-4A21-920D-4CF52C44D0BC}.Debug|Any CPU.Build.0 = Debug|Any CPU
		{A9C85799-7DA9-4A21-920D-4CF52C44D0BC}.Release|Any CPU.ActiveCfg = Release|Any CPU
		{A9C85799-7DA9-4A21-920D-4CF52C44D0BC}.Release|Any CPU.Build.0 = Release|Any CPU
	EndGlobalSection
	GlobalSection(SolutionProperties) = preSolution
		HideSolutionNode = FALSE
	EndGlobalSection
	GlobalSection(ExtensibilityGlobals) = postSolution
		SolutionGuid = {B640E11A-7FBC-41F2-9B8F-ACED83EABC30}
	EndGlobalSection
EndGlobal
